Microsoft Visual Studio Solution File, Format Version 12.00
# Visual Studio 2013
VisualStudioVersion = 12.0.40629.0
MinimumVisualStudioVersion = 10.0.40219.1
Project("{8BC9CEB8-8B4A-11D0-8D11-00A0C91BC942}") = "Builder.Net", "Build\VS2013\Builder.Net.12.00.vcxproj", "{AFA656A5-B4B3-407B-8755-A59CF66CF24C}"
	ProjectSection(ProjectDependencies) = postProject
		{C1E2375A-ABA6-4AFC-96E5-1C116DFA65CD} = {C1E2375A-ABA6-4AFC-96E5-1C116DFA65CD}
		{5B79C3D0-E3B6-4B25-A447-8C2C1550E1DD} = {5B79C3D0-E3B6-4B25-A447-8C2C1550E1DD}
	EndProjectSection
EndProject
Project("{8BC9CEB8-8B4A-11D0-8D11-00A0C91BC942}") = "All", "Build\VS2013\All.12.00.vcxproj", "{3BF7420D-0B71-4A28-B1BF-FAE108896945}"
	ProjectSection(ProjectDependencies) = postProject
		{D8EC6006-8CAC-4E14-B37E-68932434A1E4} = {D8EC6006-8CAC-4E14-B37E-68932434A1E4}
		{44FADF11-D54D-4AD7-A17B-3E574129CE3F} = {44FADF11-D54D-4AD7-A17B-3E574129CE3F}
		{3BCC3E13-5EE4-4A8B-9FF5-55266AFB1110} = {3BCC3E13-5EE4-4A8B-9FF5-55266AFB1110}
		{0A91CB22-4E60-4129-8B9A-D9A391F5A1F1} = {0A91CB22-4E60-4129-8B9A-D9A391F5A1F1}
		{650BCF31-C082-4249-9B9B-D1935FA3A6A7} = {650BCF31-C082-4249-9B9B-D1935FA3A6A7}
		{61B27D32-C32E-4848-8678-440751AAE658} = {61B27D32-C32E-4848-8678-440751AAE658}
		{1746EC38-4E7F-4CA1-9003-A227633F8198} = {1746EC38-4E7F-4CA1-9003-A227633F8198}
		{5A627643-EB26-487A-9392-386C536DB47A} = {5A627643-EB26-487A-9392-386C536DB47A}
		{8D73634A-B89D-4570-9BDA-9E0863AB563A} = {8D73634A-B89D-4570-9BDA-9E0863AB563A}
		{D948BF59-E4DB-4258-B2B0-F3F5B20D6B1F} = {D948BF59-E4DB-4258-B2B0-F3F5B20D6B1F}
		{C1E2375A-ABA6-4AFC-96E5-1C116DFA65CD} = {C1E2375A-ABA6-4AFC-96E5-1C116DFA65CD}
		{9DE3BD6F-6EAC-4917-AD42-31C50E6DC10E} = {9DE3BD6F-6EAC-4917-AD42-31C50E6DC10E}
		{8BEC0374-E13F-46D0-BDA6-BF1208BA735A} = {8BEC0374-E13F-46D0-BDA6-BF1208BA735A}
		{EB59A975-6F2E-45D9-9694-C9B8A01B1708} = {EB59A975-6F2E-45D9-9694-C9B8A01B1708}
		{B4CDFE7A-E8A2-4735-916A-7BDBB591C6BA} = {B4CDFE7A-E8A2-4735-916A-7BDBB591C6BA}
		{7E4E707D-912B-422A-9478-C8A7FAC171AF} = {7E4E707D-912B-422A-9478-C8A7FAC171AF}
		{3EFF7D8B-4E1B-4406-953D-55BEE9BE6848} = {3EFF7D8B-4E1B-4406-953D-55BEE9BE6848}
		{50FB0A91-BA70-4B35-BA9A-98624F66591C} = {50FB0A91-BA70-4B35-BA9A-98624F66591C}
		{C37F7493-F36D-45B3-8A91-E7D77013C2CF} = {C37F7493-F36D-45B3-8A91-E7D77013C2CF}
		{AFA656A5-B4B3-407B-8755-A59CF66CF24C} = {AFA656A5-B4B3-407B-8755-A59CF66CF24C}
		{927010B2-7B6B-4C1E-95E7-55277DEA03E0} = {927010B2-7B6B-4C1E-95E7-55277DEA03E0}
		{95C076B2-102A-4402-A860-4A7ECEBA3814} = {95C076B2-102A-4402-A860-4A7ECEBA3814}
		{8A89C7B7-4197-452C-8B2A-CDD4A889BFE5} = {8A89C7B7-4197-452C-8B2A-CDD4A889BFE5}
		{205CF2C1-3542-46F8-8070-D3DC16024ECE} = {205CF2C1-3542-46F8-8070-D3DC16024ECE}
		{FDB74DC9-7AEB-4C57-BAAE-B7F188C512A6} = {FDB74DC9-7AEB-4C57-BAAE-B7F188C512A6}
		{5B79C3D0-E3B6-4B25-A447-8C2C1550E1DD} = {5B79C3D0-E3B6-4B25-A447-8C2C1550E1DD}
		{88822CDA-D56F-4F4C-B6E0-54D1B7A5DD30} = {88822CDA-D56F-4F4C-B6E0-54D1B7A5DD30}
		{00A914E7-CB8F-497D-896B-557FA4E029B5} = {00A914E7-CB8F-497D-896B-557FA4E029B5}
		{714EFFEF-216F-47E4-9349-5193E9BD5BA4} = {714EFFEF-216F-47E4-9349-5193E9BD5BA4}
	EndProjectSection
EndProject
Project("{8BC9CEB8-8B4A-11D0-8D11-00A0C91BC942}") = "Demo", "Build\VS2013\Demo.12.00.vcxproj", "{8D73634A-B89D-4570-9BDA-9E0863AB563A}"
	ProjectSection(ProjectDependencies) = postProject
		{9DE3BD6F-6EAC-4917-AD42-31C50E6DC10E} = {9DE3BD6F-6EAC-4917-AD42-31C50E6DC10E}
		{3EFF7D8B-4E1B-4406-953D-55BEE9BE6848} = {3EFF7D8B-4E1B-4406-953D-55BEE9BE6848}
		{AFA656A5-B4B3-407B-8755-A59CF66CF24C} = {AFA656A5-B4B3-407B-8755-A59CF66CF24C}
		{927010B2-7B6B-4C1E-95E7-55277DEA03E0} = {927010B2-7B6B-4C1E-95E7-55277DEA03E0}
	EndProjectSection
EndProject
Project("{8BC9CEB8-8B4A-11D0-8D11-00A0C91BC942}") = "GLBench", "Build\VS2013\GLBench.12.00.vcxproj", "{B4CDFE7A-E8A2-4735-916A-7BDBB591C6BA}"
	ProjectSection(ProjectDependencies) = postProject
		{1746EC38-4E7F-4CA1-9003-A227633F8198} = {1746EC38-4E7F-4CA1-9003-A227633F8198}
		{9DE3BD6F-6EAC-4917-AD42-31C50E6DC10E} = {9DE3BD6F-6EAC-4917-AD42-31C50E6DC10E}
		{EB59A975-6F2E-45D9-9694-C9B8A01B1708} = {EB59A975-6F2E-45D9-9694-C9B8A01B1708}
		{7E4E707D-912B-422A-9478-C8A7FAC171AF} = {7E4E707D-912B-422A-9478-C8A7FAC171AF}
		{3EFF7D8B-4E1B-4406-953D-55BEE9BE6848} = {3EFF7D8B-4E1B-4406-953D-55BEE9BE6848}
		{927010B2-7B6B-4C1E-95E7-55277DEA03E0} = {927010B2-7B6B-4C1E-95E7-55277DEA03E0}
		{95C076B2-102A-4402-A860-4A7ECEBA3814} = {95C076B2-102A-4402-A860-4A7ECEBA3814}
		{714EFFEF-216F-47E4-9349-5193E9BD5BA4} = {714EFFEF-216F-47E4-9349-5193E9BD5BA4}
	EndProjectSection
EndProject
Project("{8BC9CEB8-8B4A-11D0-8D11-00A0C91BC942}") = "GLBenchFillRate", "Build\VS2013\GLBenchFillRate.12.00.vcxproj", "{1746EC38-4E7F-4CA1-9003-A227633F8198}"
	ProjectSection(ProjectDependencies) = postProject
		{7E4E707D-912B-422A-9478-C8A7FAC171AF} = {7E4E707D-912B-422A-9478-C8A7FAC171AF}
		{927010B2-7B6B-4C1E-95E7-55277DEA03E0} = {927010B2-7B6B-4C1E-95E7-55277DEA03E0}
	EndProjectSection
EndProject
Project("{8BC9CEB8-8B4A-11D0-8D11-00A0C91BC942}") = "GLBenchModuleTemplate", "Build\VS2013\GLBenchModuleTemplate.12.00.vcxproj", "{EB59A975-6F2E-45D9-9694-C9B8A01B1708}"
	ProjectSection(ProjectDependencies) = postProject
		{7E4E707D-912B-422A-9478-C8A7FAC171AF} = {7E4E707D-912B-422A-9478-C8A7FAC171AF}
		{927010B2-7B6B-4C1E-95E7-55277DEA03E0} = {927010B2-7B6B-4C1E-95E7-55277DEA03E0}
	EndProjectSection
EndProject
Project("{8BC9CEB8-8B4A-11D0-8D11-00A0C91BC942}") = "GLBenchPoints", "Build\VS2013\GLBenchPoints.12.00.vcxproj", "{95C076B2-102A-4402-A860-4A7ECEBA3814}"
	ProjectSection(ProjectDependencies) = postProject
		{7E4E707D-912B-422A-9478-C8A7FAC171AF} = {7E4E707D-912B-422A-9478-C8A7FAC171AF}
		{927010B2-7B6B-4C1E-95E7-55277DEA03E0} = {927010B2-7B6B-4C1E-95E7-55277DEA03E0}
	EndProjectSection
EndProject
Project("{8BC9CEB8-8B4A-11D0-8D11-00A0C91BC942}") = "GLBenchPolygons", "Build\VS2013\GLBenchPolygons.12.00.vcxproj", "{714EFFEF-216F-47E4-9349-5193E9BD5BA4}"
	ProjectSection(ProjectDependencies) = postProject
		{7E4E707D-912B-422A-9478-C8A7FAC171AF} = {7E4E707D-912B-422A-9478-C8A7FAC171AF}
		{927010B2-7B6B-4C1E-95E7-55277DEA03E0} = {927010B2-7B6B-4C1E-95E7-55277DEA03E0}
	EndProjectSection
EndProject
Project("{8BC9CEB8-8B4A-11D0-8D11-00A0C91BC942}") = "GLObjectViewer", "Build\VS2013\GLObjectViewer.12.00.vcxproj", "{3BCC3E13-5EE4-4A8B-9FF5-55266AFB1110}"
	ProjectSection(ProjectDependencies) = postProject
		{9DE3BD6F-6EAC-4917-AD42-31C50E6DC10E} = {9DE3BD6F-6EAC-4917-AD42-31C50E6DC10E}
		{7E4E707D-912B-422A-9478-C8A7FAC171AF} = {7E4E707D-912B-422A-9478-C8A7FAC171AF}
		{3EFF7D8B-4E1B-4406-953D-55BEE9BE6848} = {3EFF7D8B-4E1B-4406-953D-55BEE9BE6848}
		{AFA656A5-B4B3-407B-8755-A59CF66CF24C} = {AFA656A5-B4B3-407B-8755-A59CF66CF24C}
		{927010B2-7B6B-4C1E-95E7-55277DEA03E0} = {927010B2-7B6B-4C1E-95E7-55277DEA03E0}
	EndProjectSection
EndProject
Project("{8BC9CEB8-8B4A-11D0-8D11-00A0C91BC942}") = "MicroLex", "Build\VS2013\MicroLex.12.00.vcxproj", "{5B79C3D0-E3B6-4B25-A447-8C2C1550E1DD}"
EndProject
Project("{8BC9CEB8-8B4A-11D0-8D11-00A0C91BC942}") = "RaptorCompute", "Build\VS2013\RaptorCompute.12.00.vcxproj", "{88822CDA-D56F-4F4C-B6E0-54D1B7A5DD30}"
	ProjectSection(ProjectDependencies) = postProject
		{AFA656A5-B4B3-407B-8755-A59CF66CF24C} = {AFA656A5-B4B3-407B-8755-A59CF66CF24C}
		{927010B2-7B6B-4C1E-95E7-55277DEA03E0} = {927010B2-7B6B-4C1E-95E7-55277DEA03E0}
	EndProjectSection
EndProject
Project("{8BC9CEB8-8B4A-11D0-8D11-00A0C91BC942}") = "RaptorCore", "Build\VS2013\RaptorCore.12.00.vcxproj", "{927010B2-7B6B-4C1E-95E7-55277DEA03E0}"
	ProjectSection(ProjectDependencies) = postProject
		{C1E2375A-ABA6-4AFC-96E5-1C116DFA65CD} = {C1E2375A-ABA6-4AFC-96E5-1C116DFA65CD}
		{3EFF7D8B-4E1B-4406-953D-55BEE9BE6848} = {3EFF7D8B-4E1B-4406-953D-55BEE9BE6848}
		{AFA656A5-B4B3-407B-8755-A59CF66CF24C} = {AFA656A5-B4B3-407B-8755-A59CF66CF24C}
		{5B79C3D0-E3B6-4B25-A447-8C2C1550E1DD} = {5B79C3D0-E3B6-4B25-A447-8C2C1550E1DD}
	EndProjectSection
EndProject
Project("{8BC9CEB8-8B4A-11D0-8D11-00A0C91BC942}") = "RaptorData", "Build\VS2013\RaptorData.12.00.vcxproj", "{3EFF7D8B-4E1B-4406-953D-55BEE9BE6848}"
	ProjectSection(ProjectDependencies) = postProject
		{AFA656A5-B4B3-407B-8755-A59CF66CF24C} = {AFA656A5-B4B3-407B-8755-A59CF66CF24C}
		{8A89C7B7-4197-452C-8B2A-CDD4A889BFE5} = {8A89C7B7-4197-452C-8B2A-CDD4A889BFE5}
	EndProjectSection
EndProject
Project("{8BC9CEB8-8B4A-11D0-8D11-00A0C91BC942}") = "RaptorDataPackager", "Build\VS2013\RaptorDataPackager.12.00.vcxproj", "{8A89C7B7-4197-452C-8B2A-CDD4A889BFE5}"
	ProjectSection(ProjectDependencies) = postProject
		{AFA656A5-B4B3-407B-8755-A59CF66CF24C} = {AFA656A5-B4B3-407B-8755-A59CF66CF24C}
	EndProjectSection
EndProject
Project("{8BC9CEB8-8B4A-11D0-8D11-00A0C91BC942}") = "RaptorMFCExtension", "Build\VS2013\RaptorMFCExtension.12.00.vcxproj", "{7E4E707D-912B-422A-9478-C8A7FAC171AF}"
	ProjectSection(ProjectDependencies) = postProject
		{3EFF7D8B-4E1B-4406-953D-55BEE9BE6848} = {3EFF7D8B-4E1B-4406-953D-55BEE9BE6848}
		{AFA656A5-B4B3-407B-8755-A59CF66CF24C} = {AFA656A5-B4B3-407B-8755-A59CF66CF24C}
		{927010B2-7B6B-4C1E-95E7-55277DEA03E0} = {927010B2-7B6B-4C1E-95E7-55277DEA03E0}
	EndProjectSection
EndProject
Project("{8BC9CEB8-8B4A-11D0-8D11-00A0C91BC942}") = "RaptorNetwork", "Build\VS2013\RaptorNetwork.12.00.vcxproj", "{5A627643-EB26-487A-9392-386C536DB47A}"
	ProjectSection(ProjectDependencies) = postProject
		{AFA656A5-B4B3-407B-8755-A59CF66CF24C} = {AFA656A5-B4B3-407B-8755-A59CF66CF24C}
	EndProjectSection
EndProject
Project("{8BC9CEB8-8B4A-11D0-8D11-00A0C91BC942}") = "RaptorServer", "Build\VS2013\RaptorServer.12.00.vcxproj", "{50FB0A91-BA70-4B35-BA9A-98624F66591C}"
	ProjectSection(ProjectDependencies) = postProject
		{5A627643-EB26-487A-9392-386C536DB47A} = {5A627643-EB26-487A-9392-386C536DB47A}
		{9DE3BD6F-6EAC-4917-AD42-31C50E6DC10E} = {9DE3BD6F-6EAC-4917-AD42-31C50E6DC10E}
		{3EFF7D8B-4E1B-4406-953D-55BEE9BE6848} = {3EFF7D8B-4E1B-4406-953D-55BEE9BE6848}
		{AFA656A5-B4B3-407B-8755-A59CF66CF24C} = {AFA656A5-B4B3-407B-8755-A59CF66CF24C}
		{927010B2-7B6B-4C1E-95E7-55277DEA03E0} = {927010B2-7B6B-4C1E-95E7-55277DEA03E0}
	EndProjectSection
EndProject
Project("{8BC9CEB8-8B4A-11D0-8D11-00A0C91BC942}") = "RaptorToolBox", "Build\VS2013\RaptorToolBox.12.00.vcxproj", "{9DE3BD6F-6EAC-4917-AD42-31C50E6DC10E}"
	ProjectSection(ProjectDependencies) = postProject
		{3EFF7D8B-4E1B-4406-953D-55BEE9BE6848} = {3EFF7D8B-4E1B-4406-953D-55BEE9BE6848}
		{AFA656A5-B4B3-407B-8755-A59CF66CF24C} = {AFA656A5-B4B3-407B-8755-A59CF66CF24C}
		{927010B2-7B6B-4C1E-95E7-55277DEA03E0} = {927010B2-7B6B-4C1E-95E7-55277DEA03E0}
	EndProjectSection
EndProject
Project("{8BC9CEB8-8B4A-11D0-8D11-00A0C91BC942}") = "RaptorViewer", "Build\VS2013\RaptorViewer.12.00.vcxproj", "{D8EC6006-8CAC-4E14-B37E-68932434A1E4}"
	ProjectSection(ProjectDependencies) = postProject
		{5A627643-EB26-487A-9392-386C536DB47A} = {5A627643-EB26-487A-9392-386C536DB47A}
		{9DE3BD6F-6EAC-4917-AD42-31C50E6DC10E} = {9DE3BD6F-6EAC-4917-AD42-31C50E6DC10E}
		{3EFF7D8B-4E1B-4406-953D-55BEE9BE6848} = {3EFF7D8B-4E1B-4406-953D-55BEE9BE6848}
		{50FB0A91-BA70-4B35-BA9A-98624F66591C} = {50FB0A91-BA70-4B35-BA9A-98624F66591C}
		{AFA656A5-B4B3-407B-8755-A59CF66CF24C} = {AFA656A5-B4B3-407B-8755-A59CF66CF24C}
		{927010B2-7B6B-4C1E-95E7-55277DEA03E0} = {927010B2-7B6B-4C1E-95E7-55277DEA03E0}
	EndProjectSection
EndProject
Project("{8BC9CEB8-8B4A-11D0-8D11-00A0C91BC942}") = "ShaderCompiler", "Build\VS2013\ShaderCompiler.12.00.vcxproj", "{650BCF31-C082-4249-9B9B-D1935FA3A6A7}"
	ProjectSection(ProjectDependencies) = postProject
		{9DE3BD6F-6EAC-4917-AD42-31C50E6DC10E} = {9DE3BD6F-6EAC-4917-AD42-31C50E6DC10E}
		{7E4E707D-912B-422A-9478-C8A7FAC171AF} = {7E4E707D-912B-422A-9478-C8A7FAC171AF}
		{3EFF7D8B-4E1B-4406-953D-55BEE9BE6848} = {3EFF7D8B-4E1B-4406-953D-55BEE9BE6848}
		{AFA656A5-B4B3-407B-8755-A59CF66CF24C} = {AFA656A5-B4B3-407B-8755-A59CF66CF24C}
		{927010B2-7B6B-4C1E-95E7-55277DEA03E0} = {927010B2-7B6B-4C1E-95E7-55277DEA03E0}
	EndProjectSection
EndProject
Project("{8BC9CEB8-8B4A-11D0-8D11-00A0C91BC942}") = "simd", "Build\VS2013\simd.12.00.vcxproj", "{C1E2375A-ABA6-4AFC-96E5-1C116DFA65CD}"
EndProject
Project("{8BC9CEB8-8B4A-11D0-8D11-00A0C91BC942}") = "Test", "Build\VS2013\Test.12.00.vcxproj", "{44FADF11-D54D-4AD7-A17B-3E574129CE3F}"
	ProjectSection(ProjectDependencies) = postProject
		{9DE3BD6F-6EAC-4917-AD42-31C50E6DC10E} = {9DE3BD6F-6EAC-4917-AD42-31C50E6DC10E}
		{3EFF7D8B-4E1B-4406-953D-55BEE9BE6848} = {3EFF7D8B-4E1B-4406-953D-55BEE9BE6848}
		{AFA656A5-B4B3-407B-8755-A59CF66CF24C} = {AFA656A5-B4B3-407B-8755-A59CF66CF24C}
		{927010B2-7B6B-4C1E-95E7-55277DEA03E0} = {927010B2-7B6B-4C1E-95E7-55277DEA03E0}
	EndProjectSection
EndProject
Project("{8BC9CEB8-8B4A-11D0-8D11-00A0C91BC942}") = "Test2", "Build\VS2013\Test2.12.00.vcxproj", "{D948BF59-E4DB-4258-B2B0-F3F5B20D6B1F}"
	ProjectSection(ProjectDependencies) = postProject
		{9DE3BD6F-6EAC-4917-AD42-31C50E6DC10E} = {9DE3BD6F-6EAC-4917-AD42-31C50E6DC10E}
		{7E4E707D-912B-422A-9478-C8A7FAC171AF} = {7E4E707D-912B-422A-9478-C8A7FAC171AF}
		{3EFF7D8B-4E1B-4406-953D-55BEE9BE6848} = {3EFF7D8B-4E1B-4406-953D-55BEE9BE6848}
		{AFA656A5-B4B3-407B-8755-A59CF66CF24C} = {AFA656A5-B4B3-407B-8755-A59CF66CF24C}
		{927010B2-7B6B-4C1E-95E7-55277DEA03E0} = {927010B2-7B6B-4C1E-95E7-55277DEA03E0}
	EndProjectSection
EndProject
Project("{8BC9CEB8-8B4A-11D0-8D11-00A0C91BC942}") = "Test3", "Build\VS2013\Test3.12.00.vcxproj", "{61B27D32-C32E-4848-8678-440751AAE658}"
	ProjectSection(ProjectDependencies) = postProject
		{9DE3BD6F-6EAC-4917-AD42-31C50E6DC10E} = {9DE3BD6F-6EAC-4917-AD42-31C50E6DC10E}
		{3EFF7D8B-4E1B-4406-953D-55BEE9BE6848} = {3EFF7D8B-4E1B-4406-953D-55BEE9BE6848}
		{AFA656A5-B4B3-407B-8755-A59CF66CF24C} = {AFA656A5-B4B3-407B-8755-A59CF66CF24C}
		{927010B2-7B6B-4C1E-95E7-55277DEA03E0} = {927010B2-7B6B-4C1E-95E7-55277DEA03E0}
		{88822CDA-D56F-4F4C-B6E0-54D1B7A5DD30} = {88822CDA-D56F-4F4C-B6E0-54D1B7A5DD30}
	EndProjectSection
EndProject
Project("{8BC9CEB8-8B4A-11D0-8D11-00A0C91BC942}") = "Test4", "Build\VS2013\Test4.12.00.vcxproj", "{205CF2C1-3542-46F8-8070-D3DC16024ECE}"
	ProjectSection(ProjectDependencies) = postProject
		{9DE3BD6F-6EAC-4917-AD42-31C50E6DC10E} = {9DE3BD6F-6EAC-4917-AD42-31C50E6DC10E}
		{3EFF7D8B-4E1B-4406-953D-55BEE9BE6848} = {3EFF7D8B-4E1B-4406-953D-55BEE9BE6848}
		{AFA656A5-B4B3-407B-8755-A59CF66CF24C} = {AFA656A5-B4B3-407B-8755-A59CF66CF24C}
		{927010B2-7B6B-4C1E-95E7-55277DEA03E0} = {927010B2-7B6B-4C1E-95E7-55277DEA03E0}
	EndProjectSection
EndProject
Project("{8BC9CEB8-8B4A-11D0-8D11-00A0C91BC942}") = "Test5", "Build\VS2013\Test5.12.00.vcxproj", "{FDB74DC9-7AEB-4C57-BAAE-B7F188C512A6}"
	ProjectSection(ProjectDependencies) = postProject
		{9DE3BD6F-6EAC-4917-AD42-31C50E6DC10E} = {9DE3BD6F-6EAC-4917-AD42-31C50E6DC10E}
		{3EFF7D8B-4E1B-4406-953D-55BEE9BE6848} = {3EFF7D8B-4E1B-4406-953D-55BEE9BE6848}
		{AFA656A5-B4B3-407B-8755-A59CF66CF24C} = {AFA656A5-B4B3-407B-8755-A59CF66CF24C}
		{927010B2-7B6B-4C1E-95E7-55277DEA03E0} = {927010B2-7B6B-4C1E-95E7-55277DEA03E0}
	EndProjectSection
EndProject
Project("{2150E333-8FDC-42A3-9474-1A3956D46DE8}") = "Solution Items", "Solution Items", "{64510168-A359-4CB8-9176-B840B4B01459}"
	ProjectSection(SolutionItems) = preProject
		Performance1.psess = Performance1.psess
	EndProjectSection
EndProject
Project("{8BC9CEB8-8B4A-11D0-8D11-00A0C91BC942}") = "SOAR2", "Build\VS2013\SOAR2.vcxproj", "{0A91CB22-4E60-4129-8B9A-D9A391F5A1F1}"
EndProject
Project("{8BC9CEB8-8B4A-11D0-8D11-00A0C91BC942}") = "RaysClient", "Build\VS2013\RaysClient.12.00.vcxproj", "{C37F7493-F36D-45B3-8A91-E7D77013C2CF}"
	ProjectSection(ProjectDependencies) = postProject
		{5A627643-EB26-487A-9392-386C536DB47A} = {5A627643-EB26-487A-9392-386C536DB47A}
		{9DE3BD6F-6EAC-4917-AD42-31C50E6DC10E} = {9DE3BD6F-6EAC-4917-AD42-31C50E6DC10E}
		{8BEC0374-E13F-46D0-BDA6-BF1208BA735A} = {8BEC0374-E13F-46D0-BDA6-BF1208BA735A}
	EndProjectSection
EndProject
Project("{8BC9CEB8-8B4A-11D0-8D11-00A0C91BC942}") = "RaysDeamon", "Build\VS2013\RaysDeamon.12.00.vcxproj", "{00A914E7-CB8F-497D-896B-557FA4E029B5}"
	ProjectSection(ProjectDependencies) = postProject
		{5A627643-EB26-487A-9392-386C536DB47A} = {5A627643-EB26-487A-9392-386C536DB47A}
		{25B491D1-ADD7-4079-A9B3-7A8F9464369A} = {25B491D1-ADD7-4079-A9B3-7A8F9464369A}
	EndProjectSection
EndProject
Project("{8BC9CEB8-8B4A-11D0-8D11-00A0C91BC942}") = "RaysServer", "Build\VS2013\RaysServer.12.00.vcxproj", "{8BEC0374-E13F-46D0-BDA6-BF1208BA735A}"
	ProjectSection(ProjectDependencies) = postProject
		{5A627643-EB26-487A-9392-386C536DB47A} = {5A627643-EB26-487A-9392-386C536DB47A}
		{9DE3BD6F-6EAC-4917-AD42-31C50E6DC10E} = {9DE3BD6F-6EAC-4917-AD42-31C50E6DC10E}
		{00A914E7-CB8F-497D-896B-557FA4E029B5} = {00A914E7-CB8F-497D-896B-557FA4E029B5}
	EndProjectSection
EndProject
Project("{8BC9CEB8-8B4A-11D0-8D11-00A0C91BC942}") = "RaysWorkUnit", "Build\VS2013\RaysWorkUnit.12.00.vcxproj", "{25B491D1-ADD7-4079-A9B3-7A8F9464369A}"
	ProjectSection(ProjectDependencies) = postProject
		{5A627643-EB26-487A-9392-386C536DB47A} = {5A627643-EB26-487A-9392-386C536DB47A}
		{C1E2375A-ABA6-4AFC-96E5-1C116DFA65CD} = {C1E2375A-ABA6-4AFC-96E5-1C116DFA65CD}
		{9DE3BD6F-6EAC-4917-AD42-31C50E6DC10E} = {9DE3BD6F-6EAC-4917-AD42-31C50E6DC10E}
		{3EFF7D8B-4E1B-4406-953D-55BEE9BE6848} = {3EFF7D8B-4E1B-4406-953D-55BEE9BE6848}
		{927010B2-7B6B-4C1E-95E7-55277DEA03E0} = {927010B2-7B6B-4C1E-95E7-55277DEA03E0}
	EndProjectSection
EndProject
Global
	GlobalSection(SolutionConfigurationPlatforms) = preSolution
		Debug|Win32 = Debug|Win32
		Optimized|Win32 = Optimized|Win32
		Release|Win32 = Release|Win32
	EndGlobalSection
	GlobalSection(ProjectConfigurationPlatforms) = postSolution
		{AFA656A5-B4B3-407B-8755-A59CF66CF24C}.Debug|Win32.ActiveCfg = Optimized|Win32
		{AFA656A5-B4B3-407B-8755-A59CF66CF24C}.Debug|Win32.Build.0 = Optimized|Win32
		{AFA656A5-B4B3-407B-8755-A59CF66CF24C}.Optimized|Win32.ActiveCfg = Optimized|Win32
		{AFA656A5-B4B3-407B-8755-A59CF66CF24C}.Optimized|Win32.Build.0 = Optimized|Win32
		{AFA656A5-B4B3-407B-8755-A59CF66CF24C}.Release|Win32.ActiveCfg = Release|Win32
		{AFA656A5-B4B3-407B-8755-A59CF66CF24C}.Release|Win32.Build.0 = Release|Win32
		{3BF7420D-0B71-4A28-B1BF-FAE108896945}.Debug|Win32.ActiveCfg = Optimized|Win32
		{3BF7420D-0B71-4A28-B1BF-FAE108896945}.Debug|Win32.Build.0 = Optimized|Win32
		{3BF7420D-0B71-4A28-B1BF-FAE108896945}.Optimized|Win32.ActiveCfg = Optimized|Win32
		{3BF7420D-0B71-4A28-B1BF-FAE108896945}.Optimized|Win32.Build.0 = Optimized|Win32
		{3BF7420D-0B71-4A28-B1BF-FAE108896945}.Release|Win32.ActiveCfg = Release|Win32
		{3BF7420D-0B71-4A28-B1BF-FAE108896945}.Release|Win32.Build.0 = Release|Win32
		{8D73634A-B89D-4570-9BDA-9E0863AB563A}.Debug|Win32.ActiveCfg = Optimized|Win32
		{8D73634A-B89D-4570-9BDA-9E0863AB563A}.Debug|Win32.Build.0 = Optimized|Win32
		{8D73634A-B89D-4570-9BDA-9E0863AB563A}.Optimized|Win32.ActiveCfg = Optimized|Win32
		{8D73634A-B89D-4570-9BDA-9E0863AB563A}.Optimized|Win32.Build.0 = Optimized|Win32
		{8D73634A-B89D-4570-9BDA-9E0863AB563A}.Release|Win32.ActiveCfg = Release|Win32
		{8D73634A-B89D-4570-9BDA-9E0863AB563A}.Release|Win32.Build.0 = Release|Win32
		{B4CDFE7A-E8A2-4735-916A-7BDBB591C6BA}.Debug|Win32.ActiveCfg = Optimized|Win32
		{B4CDFE7A-E8A2-4735-916A-7BDBB591C6BA}.Debug|Win32.Build.0 = Optimized|Win32
		{B4CDFE7A-E8A2-4735-916A-7BDBB591C6BA}.Optimized|Win32.ActiveCfg = Optimized|Win32
		{B4CDFE7A-E8A2-4735-916A-7BDBB591C6BA}.Optimized|Win32.Build.0 = Optimized|Win32
		{B4CDFE7A-E8A2-4735-916A-7BDBB591C6BA}.Release|Win32.ActiveCfg = Release|Win32
		{B4CDFE7A-E8A2-4735-916A-7BDBB591C6BA}.Release|Win32.Build.0 = Release|Win32
		{1746EC38-4E7F-4CA1-9003-A227633F8198}.Debug|Win32.ActiveCfg = Optimized|Win32
		{1746EC38-4E7F-4CA1-9003-A227633F8198}.Debug|Win32.Build.0 = Optimized|Win32
		{1746EC38-4E7F-4CA1-9003-A227633F8198}.Optimized|Win32.ActiveCfg = Optimized|Win32
		{1746EC38-4E7F-4CA1-9003-A227633F8198}.Optimized|Win32.Build.0 = Optimized|Win32
		{1746EC38-4E7F-4CA1-9003-A227633F8198}.Release|Win32.ActiveCfg = Release|Win32
		{1746EC38-4E7F-4CA1-9003-A227633F8198}.Release|Win32.Build.0 = Release|Win32
		{EB59A975-6F2E-45D9-9694-C9B8A01B1708}.Debug|Win32.ActiveCfg = Optimized|Win32
		{EB59A975-6F2E-45D9-9694-C9B8A01B1708}.Debug|Win32.Build.0 = Optimized|Win32
		{EB59A975-6F2E-45D9-9694-C9B8A01B1708}.Optimized|Win32.ActiveCfg = Optimized|Win32
		{EB59A975-6F2E-45D9-9694-C9B8A01B1708}.Optimized|Win32.Build.0 = Optimized|Win32
		{EB59A975-6F2E-45D9-9694-C9B8A01B1708}.Release|Win32.ActiveCfg = Release|Win32
		{EB59A975-6F2E-45D9-9694-C9B8A01B1708}.Release|Win32.Build.0 = Release|Win32
		{95C076B2-102A-4402-A860-4A7ECEBA3814}.Debug|Win32.ActiveCfg = Optimized|Win32
		{95C076B2-102A-4402-A860-4A7ECEBA3814}.Debug|Win32.Build.0 = Optimized|Win32
		{95C076B2-102A-4402-A860-4A7ECEBA3814}.Optimized|Win32.ActiveCfg = Optimized|Win32
		{95C076B2-102A-4402-A860-4A7ECEBA3814}.Optimized|Win32.Build.0 = Optimized|Win32
		{95C076B2-102A-4402-A860-4A7ECEBA3814}.Release|Win32.ActiveCfg = Release|Win32
		{95C076B2-102A-4402-A860-4A7ECEBA3814}.Release|Win32.Build.0 = Release|Win32
		{714EFFEF-216F-47E4-9349-5193E9BD5BA4}.Debug|Win32.ActiveCfg = Optimized|Win32
		{714EFFEF-216F-47E4-9349-5193E9BD5BA4}.Debug|Win32.Build.0 = Optimized|Win32
		{714EFFEF-216F-47E4-9349-5193E9BD5BA4}.Optimized|Win32.ActiveCfg = Optimized|Win32
		{714EFFEF-216F-47E4-9349-5193E9BD5BA4}.Optimized|Win32.Build.0 = Optimized|Win32
		{714EFFEF-216F-47E4-9349-5193E9BD5BA4}.Release|Win32.ActiveCfg = Release|Win32
		{714EFFEF-216F-47E4-9349-5193E9BD5BA4}.Release|Win32.Build.0 = Release|Win32
		{3BCC3E13-5EE4-4A8B-9FF5-55266AFB1110}.Debug|Win32.ActiveCfg = Optimized|Win32
		{3BCC3E13-5EE4-4A8B-9FF5-55266AFB1110}.Debug|Win32.Build.0 = Optimized|Win32
		{3BCC3E13-5EE4-4A8B-9FF5-55266AFB1110}.Optimized|Win32.ActiveCfg = Optimized|Win32
		{3BCC3E13-5EE4-4A8B-9FF5-55266AFB1110}.Optimized|Win32.Build.0 = Optimized|Win32
		{3BCC3E13-5EE4-4A8B-9FF5-55266AFB1110}.Release|Win32.ActiveCfg = Release|Win32
		{3BCC3E13-5EE4-4A8B-9FF5-55266AFB1110}.Release|Win32.Build.0 = Release|Win32
		{5B79C3D0-E3B6-4B25-A447-8C2C1550E1DD}.Debug|Win32.ActiveCfg = Release|Win32
		{5B79C3D0-E3B6-4B25-A447-8C2C1550E1DD}.Debug|Win32.Build.0 = Release|Win32
		{5B79C3D0-E3B6-4B25-A447-8C2C1550E1DD}.Optimized|Win32.ActiveCfg = Release|Win32
		{5B79C3D0-E3B6-4B25-A447-8C2C1550E1DD}.Optimized|Win32.Build.0 = Release|Win32
		{5B79C3D0-E3B6-4B25-A447-8C2C1550E1DD}.Release|Win32.ActiveCfg = Release|Win32
		{5B79C3D0-E3B6-4B25-A447-8C2C1550E1DD}.Release|Win32.Build.0 = Release|Win32
		{88822CDA-D56F-4F4C-B6E0-54D1B7A5DD30}.Debug|Win32.ActiveCfg = Optimized|Win32
		{88822CDA-D56F-4F4C-B6E0-54D1B7A5DD30}.Debug|Win32.Build.0 = Optimized|Win32
		{88822CDA-D56F-4F4C-B6E0-54D1B7A5DD30}.Optimized|Win32.ActiveCfg = Optimized|Win32
		{88822CDA-D56F-4F4C-B6E0-54D1B7A5DD30}.Optimized|Win32.Build.0 = Optimized|Win32
		{88822CDA-D56F-4F4C-B6E0-54D1B7A5DD30}.Release|Win32.ActiveCfg = Release|Win32
		{88822CDA-D56F-4F4C-B6E0-54D1B7A5DD30}.Release|Win32.Build.0 = Release|Win32
		{927010B2-7B6B-4C1E-95E7-55277DEA03E0}.Debug|Win32.ActiveCfg = Optimized|Win32
		{927010B2-7B6B-4C1E-95E7-55277DEA03E0}.Debug|Win32.Build.0 = Optimized|Win32
		{927010B2-7B6B-4C1E-95E7-55277DEA03E0}.Optimized|Win32.ActiveCfg = Optimized|Win32
		{927010B2-7B6B-4C1E-95E7-55277DEA03E0}.Optimized|Win32.Build.0 = Optimized|Win32
		{927010B2-7B6B-4C1E-95E7-55277DEA03E0}.Release|Win32.ActiveCfg = Release|Win32
		{927010B2-7B6B-4C1E-95E7-55277DEA03E0}.Release|Win32.Build.0 = Release|Win32
		{3EFF7D8B-4E1B-4406-953D-55BEE9BE6848}.Debug|Win32.ActiveCfg = Optimized|Win32
		{3EFF7D8B-4E1B-4406-953D-55BEE9BE6848}.Debug|Win32.Build.0 = Optimized|Win32
		{3EFF7D8B-4E1B-4406-953D-55BEE9BE6848}.Optimized|Win32.ActiveCfg = Optimized|Win32
		{3EFF7D8B-4E1B-4406-953D-55BEE9BE6848}.Optimized|Win32.Build.0 = Optimized|Win32
		{3EFF7D8B-4E1B-4406-953D-55BEE9BE6848}.Release|Win32.ActiveCfg = Release|Win32
		{3EFF7D8B-4E1B-4406-953D-55BEE9BE6848}.Release|Win32.Build.0 = Release|Win32
		{8A89C7B7-4197-452C-8B2A-CDD4A889BFE5}.Debug|Win32.ActiveCfg = Optimized|Win32
		{8A89C7B7-4197-452C-8B2A-CDD4A889BFE5}.Debug|Win32.Build.0 = Optimized|Win32
		{8A89C7B7-4197-452C-8B2A-CDD4A889BFE5}.Optimized|Win32.ActiveCfg = Optimized|Win32
		{8A89C7B7-4197-452C-8B2A-CDD4A889BFE5}.Optimized|Win32.Build.0 = Optimized|Win32
		{8A89C7B7-4197-452C-8B2A-CDD4A889BFE5}.Release|Win32.ActiveCfg = Release|Win32
		{8A89C7B7-4197-452C-8B2A-CDD4A889BFE5}.Release|Win32.Build.0 = Release|Win32
		{7E4E707D-912B-422A-9478-C8A7FAC171AF}.Debug|Win32.ActiveCfg = Optimized|Win32
		{7E4E707D-912B-422A-9478-C8A7FAC171AF}.Debug|Win32.Build.0 = Optimized|Win32
		{7E4E707D-912B-422A-9478-C8A7FAC171AF}.Optimized|Win32.ActiveCfg = Optimized|Win32
		{7E4E707D-912B-422A-9478-C8A7FAC171AF}.Optimized|Win32.Build.0 = Optimized|Win32
		{7E4E707D-912B-422A-9478-C8A7FAC171AF}.Release|Win32.ActiveCfg = Release|Win32
		{7E4E707D-912B-422A-9478-C8A7FAC171AF}.Release|Win32.Build.0 = Release|Win32
		{5A627643-EB26-487A-9392-386C536DB47A}.Debug|Win32.ActiveCfg = Optimized|Win32
		{5A627643-EB26-487A-9392-386C536DB47A}.Debug|Win32.Build.0 = Optimized|Win32
		{5A627643-EB26-487A-9392-386C536DB47A}.Optimized|Win32.ActiveCfg = Optimized|Win32
		{5A627643-EB26-487A-9392-386C536DB47A}.Optimized|Win32.Build.0 = Optimized|Win32
		{5A627643-EB26-487A-9392-386C536DB47A}.Release|Win32.ActiveCfg = Release|Win32
		{5A627643-EB26-487A-9392-386C536DB47A}.Release|Win32.Build.0 = Release|Win32
		{50FB0A91-BA70-4B35-BA9A-98624F66591C}.Debug|Win32.ActiveCfg = Optimized|Win32
		{50FB0A91-BA70-4B35-BA9A-98624F66591C}.Debug|Win32.Build.0 = Optimized|Win32
		{50FB0A91-BA70-4B35-BA9A-98624F66591C}.Optimized|Win32.ActiveCfg = Optimized|Win32
		{50FB0A91-BA70-4B35-BA9A-98624F66591C}.Optimized|Win32.Build.0 = Optimized|Win32
		{50FB0A91-BA70-4B35-BA9A-98624F66591C}.Release|Win32.ActiveCfg = Release|Win32
		{50FB0A91-BA70-4B35-BA9A-98624F66591C}.Release|Win32.Build.0 = Release|Win32
		{9DE3BD6F-6EAC-4917-AD42-31C50E6DC10E}.Debug|Win32.ActiveCfg = Optimized|Win32
		{9DE3BD6F-6EAC-4917-AD42-31C50E6DC10E}.Debug|Win32.Build.0 = Optimized|Win32
		{9DE3BD6F-6EAC-4917-AD42-31C50E6DC10E}.Optimized|Win32.ActiveCfg = Optimized|Win32
		{9DE3BD6F-6EAC-4917-AD42-31C50E6DC10E}.Optimized|Win32.Build.0 = Optimized|Win32
		{9DE3BD6F-6EAC-4917-AD42-31C50E6DC10E}.Release|Win32.ActiveCfg = Release|Win32
		{9DE3BD6F-6EAC-4917-AD42-31C50E6DC10E}.Release|Win32.Build.0 = Release|Win32
		{D8EC6006-8CAC-4E14-B37E-68932434A1E4}.Debug|Win32.ActiveCfg = Optimized|Win32
		{D8EC6006-8CAC-4E14-B37E-68932434A1E4}.Debug|Win32.Build.0 = Optimized|Win32
		{D8EC6006-8CAC-4E14-B37E-68932434A1E4}.Optimized|Win32.ActiveCfg = Optimized|Win32
		{D8EC6006-8CAC-4E14-B37E-68932434A1E4}.Optimized|Win32.Build.0 = Optimized|Win32
		{D8EC6006-8CAC-4E14-B37E-68932434A1E4}.Release|Win32.ActiveCfg = Release|Win32
		{D8EC6006-8CAC-4E14-B37E-68932434A1E4}.Release|Win32.Build.0 = Release|Win32
		{650BCF31-C082-4249-9B9B-D1935FA3A6A7}.Debug|Win32.ActiveCfg = Optimized|Win32
		{650BCF31-C082-4249-9B9B-D1935FA3A6A7}.Debug|Win32.Build.0 = Optimized|Win32
		{650BCF31-C082-4249-9B9B-D1935FA3A6A7}.Optimized|Win32.ActiveCfg = Optimized|Win32
		{650BCF31-C082-4249-9B9B-D1935FA3A6A7}.Optimized|Win32.Build.0 = Optimized|Win32
		{650BCF31-C082-4249-9B9B-D1935FA3A6A7}.Release|Win32.ActiveCfg = Release|Win32
		{650BCF31-C082-4249-9B9B-D1935FA3A6A7}.Release|Win32.Build.0 = Release|Win32
		{C1E2375A-ABA6-4AFC-96E5-1C116DFA65CD}.Debug|Win32.ActiveCfg = Release|Win32
		{C1E2375A-ABA6-4AFC-96E5-1C116DFA65CD}.Debug|Win32.Build.0 = Release|Win32
		{C1E2375A-ABA6-4AFC-96E5-1C116DFA65CD}.Optimized|Win32.ActiveCfg = Release|Win32
		{C1E2375A-ABA6-4AFC-96E5-1C116DFA65CD}.Optimized|Win32.Build.0 = Release|Win32
		{C1E2375A-ABA6-4AFC-96E5-1C116DFA65CD}.Release|Win32.ActiveCfg = Release|Win32
		{C1E2375A-ABA6-4AFC-96E5-1C116DFA65CD}.Release|Win32.Build.0 = Release|Win32
		{44FADF11-D54D-4AD7-A17B-3E574129CE3F}.Debug|Win32.ActiveCfg = Optimized|Win32
		{44FADF11-D54D-4AD7-A17B-3E574129CE3F}.Debug|Win32.Build.0 = Optimized|Win32
		{44FADF11-D54D-4AD7-A17B-3E574129CE3F}.Optimized|Win32.ActiveCfg = Optimized|Win32
		{44FADF11-D54D-4AD7-A17B-3E574129CE3F}.Optimized|Win32.Build.0 = Optimized|Win32
		{44FADF11-D54D-4AD7-A17B-3E574129CE3F}.Release|Win32.ActiveCfg = Release|Win32
		{44FADF11-D54D-4AD7-A17B-3E574129CE3F}.Release|Win32.Build.0 = Release|Win32
		{D948BF59-E4DB-4258-B2B0-F3F5B20D6B1F}.Debug|Win32.ActiveCfg = Optimized|Win32
		{D948BF59-E4DB-4258-B2B0-F3F5B20D6B1F}.Debug|Win32.Build.0 = Optimized|Win32
		{D948BF59-E4DB-4258-B2B0-F3F5B20D6B1F}.Optimized|Win32.ActiveCfg = Optimized|Win32
		{D948BF59-E4DB-4258-B2B0-F3F5B20D6B1F}.Optimized|Win32.Build.0 = Optimized|Win32
		{D948BF59-E4DB-4258-B2B0-F3F5B20D6B1F}.Release|Win32.ActiveCfg = Release|Win32
		{D948BF59-E4DB-4258-B2B0-F3F5B20D6B1F}.Release|Win32.Build.0 = Release|Win32
		{61B27D32-C32E-4848-8678-440751AAE658}.Debug|Win32.ActiveCfg = Release|Win32
		{61B27D32-C32E-4848-8678-440751AAE658}.Debug|Win32.Build.0 = Release|Win32
		{61B27D32-C32E-4848-8678-440751AAE658}.Optimized|Win32.ActiveCfg = Release|Win32
		{61B27D32-C32E-4848-8678-440751AAE658}.Optimized|Win32.Build.0 = Release|Win32
		{61B27D32-C32E-4848-8678-440751AAE658}.Release|Win32.ActiveCfg = Release|Win32
		{61B27D32-C32E-4848-8678-440751AAE658}.Release|Win32.Build.0 = Release|Win32
		{205CF2C1-3542-46F8-8070-D3DC16024ECE}.Debug|Win32.ActiveCfg = Optimized|Win32
		{205CF2C1-3542-46F8-8070-D3DC16024ECE}.Debug|Win32.Build.0 = Optimized|Win32
		{205CF2C1-3542-46F8-8070-D3DC16024ECE}.Optimized|Win32.ActiveCfg = Optimized|Win32
		{205CF2C1-3542-46F8-8070-D3DC16024ECE}.Optimized|Win32.Build.0 = Optimized|Win32
		{205CF2C1-3542-46F8-8070-D3DC16024ECE}.Release|Win32.ActiveCfg = Release|Win32
		{205CF2C1-3542-46F8-8070-D3DC16024ECE}.Release|Win32.Build.0 = Release|Win32
		{FDB74DC9-7AEB-4C57-BAAE-B7F188C512A6}.Debug|Win32.ActiveCfg = Optimized|Win32
		{FDB74DC9-7AEB-4C57-BAAE-B7F188C512A6}.Debug|Win32.Build.0 = Optimized|Win32
		{FDB74DC9-7AEB-4C57-BAAE-B7F188C512A6}.Optimized|Win32.ActiveCfg = Optimized|Win32
		{FDB74DC9-7AEB-4C57-BAAE-B7F188C512A6}.Optimized|Win32.Build.0 = Optimized|Win32
		{FDB74DC9-7AEB-4C57-BAAE-B7F188C512A6}.Release|Win32.ActiveCfg = Release|Win32
		{FDB74DC9-7AEB-4C57-BAAE-B7F188C512A6}.Release|Win32.Build.0 = Release|Win32
		{0A91CB22-4E60-4129-8B9A-D9A391F5A1F1}.Debug|Win32.ActiveCfg = Release|Win32
		{0A91CB22-4E60-4129-8B9A-D9A391F5A1F1}.Debug|Win32.Build.0 = Release|Win32
		{0A91CB22-4E60-4129-8B9A-D9A391F5A1F1}.Optimized|Win32.ActiveCfg = Release|Win32
		{0A91CB22-4E60-4129-8B9A-D9A391F5A1F1}.Optimized|Win32.Build.0 = Release|Win32
		{0A91CB22-4E60-4129-8B9A-D9A391F5A1F1}.Release|Win32.ActiveCfg = Release|Win32
		{0A91CB22-4E60-4129-8B9A-D9A391F5A1F1}.Release|Win32.Build.0 = Release|Win32
		{C37F7493-F36D-45B3-8A91-E7D77013C2CF}.Debug|Win32.ActiveCfg = Debug|Win32
		{C37F7493-F36D-45B3-8A91-E7D77013C2CF}.Debug|Win32.Build.0 = Debug|Win32
		{C37F7493-F36D-45B3-8A91-E7D77013C2CF}.Optimized|Win32.ActiveCfg = Release|Win32
		{C37F7493-F36D-45B3-8A91-E7D77013C2CF}.Optimized|Win32.Build.0 = Release|Win32
		{C37F7493-F36D-45B3-8A91-E7D77013C2CF}.Release|Win32.ActiveCfg = Release|Win32
		{C37F7493-F36D-45B3-8A91-E7D77013C2CF}.Release|Win32.Build.0 = Release|Win32
		{00A914E7-CB8F-497D-896B-557FA4E029B5}.Debug|Win32.ActiveCfg = Release|Win32
		{00A914E7-CB8F-497D-896B-557FA4E029B5}.Debug|Win32.Build.0 = Release|Win32
		{00A914E7-CB8F-497D-896B-557FA4E029B5}.Optimized|Win32.ActiveCfg = Release|Win32
		{00A914E7-CB8F-497D-896B-557FA4E029B5}.Optimized|Win32.Build.0 = Release|Win32
		{00A914E7-CB8F-497D-896B-557FA4E029B5}.Release|Win32.ActiveCfg = Release|Win32
		{00A914E7-CB8F-497D-896B-557FA4E029B5}.Release|Win32.Build.0 = Release|Win32
		{8BEC0374-E13F-46D0-BDA6-BF1208BA735A}.Debug|Win32.ActiveCfg = Debug|Win32
		{8BEC0374-E13F-46D0-BDA6-BF1208BA735A}.Debug|Win32.Build.0 = Debug|Win32
		{8BEC0374-E13F-46D0-BDA6-BF1208BA735A}.Optimized|Win32.ActiveCfg = Release|Win32
		{8BEC0374-E13F-46D0-BDA6-BF1208BA735A}.Optimized|Win32.Build.0 = Release|Win32
		{8BEC0374-E13F-46D0-BDA6-BF1208BA735A}.Release|Win32.ActiveCfg = Release|Win32
		{8BEC0374-E13F-46D0-BDA6-BF1208BA735A}.Release|Win32.Build.0 = Release|Win32
		{25B491D1-ADD7-4079-A9B3-7A8F9464369A}.Debug|Win32.ActiveCfg = Release|Win32
		{25B491D1-ADD7-4079-A9B3-7A8F9464369A}.Debug|Win32.Build.0 = Release|Win32
		{25B491D1-ADD7-4079-A9B3-7A8F9464369A}.Optimized|Win32.ActiveCfg = Release|Win32
		{25B491D1-ADD7-4079-A9B3-7A8F9464369A}.Optimized|Win32.Build.0 = Release|Win32
		{25B491D1-ADD7-4079-A9B3-7A8F9464369A}.Release|Win32.ActiveCfg = Release|Win32
		{25B491D1-ADD7-4079-A9B3-7A8F9464369A}.Release|Win32.Build.0 = Release|Win32
	EndGlobalSection
	GlobalSection(SolutionProperties) = preSolution
		HideSolutionNode = FALSE
	EndGlobalSection
	GlobalSection(Performance) = preSolution
		HasPerformanceSessions = true
	EndGlobalSection
EndGlobal
